
Microsoft Visual Studio Solution File, Format Version 12.00
# Visual Studio Version 17
VisualStudioVersion = 17.5.002.0
MinimumVisualStudioVersion = 10.0.40219.1
Project("{9A19103F-16F7-4668-BE54-9A1E7A4F7556}") = "Proje9_LINQ", "Proje9_LINQ.csproj", "{277DE375-FC2E-4E73-93C7-A25B662EB2CF}"
EndProject
Global
	GlobalSection(SolutionConfigurationPlatforms) = preSolution
		Debug|Any CPU = Debug|Any CPU
		Release|Any CPU = Release|Any CPU
	EndGlobalSection
	GlobalSection(ProjectConfigurationPlatforms) = postSolution
		{277DE375-FC2E-4E73-93C7-A25B662EB2CF}.Debug|Any CPU.ActiveCfg = Debug|Any CPU
		{277DE375-FC2E-4E73-93C7-A25B662EB2CF}.Debug|Any CPU.Build.0 = Debug|Any CPU
		{277DE375-FC2E-4E73-93C7-A25B662EB2CF}.Release|Any CPU.ActiveCfg = Release|Any CPU
		{277DE375-FC2E-4E73-93C7-A25B662EB2CF}.Release|Any CPU.Build.0 = Release|Any CPU
	EndGlobalSection
	GlobalSection(SolutionProperties) = preSolution
		HideSolutionNode = FALSE
	EndGlobalSection
	GlobalSection(ExtensibilityGlobals) = postSolution
		SolutionGuid = {E7E53C4A-6CE5-4520-87E5-D474DDDA4C55}
	EndGlobalSection
EndGlobal
