
Microsoft Visual Studio Solution File, Format Version 12.00
# Visual Studio Version 17
VisualStudioVersion = 17.5.002.0
MinimumVisualStudioVersion = 10.0.40219.1
Project("{9A19103F-16F7-4668-BE54-9A1E7A4F7556}") = "Project09_Contidions", "Project09_Contidions.csproj", "{A3D9863B-8D20-499F-8248-CEEBB4CFF193}"
EndProject
Global
	GlobalSection(SolutionConfigurationPlatforms) = preSolution
		Debug|Any CPU = Debug|Any CPU
		Release|Any CPU = Release|Any CPU
	EndGlobalSection
	GlobalSection(ProjectConfigurationPlatforms) = postSolution
		{A3D9863B-8D20-499F-8248-CEEBB4CFF193}.Debug|Any CPU.ActiveCfg = Debug|Any CPU
		{A3D9863B-8D20-499F-8248-CEEBB4CFF193}.Debug|Any CPU.Build.0 = Debug|Any CPU
		{A3D9863B-8D20-499F-8248-CEEBB4CFF193}.Release|Any CPU.ActiveCfg = Release|Any CPU
		{A3D9863B-8D20-499F-8248-CEEBB4CFF193}.Release|Any CPU.Build.0 = Release|Any CPU
	EndGlobalSection
	GlobalSection(SolutionProperties) = preSolution
		HideSolutionNode = FALSE
	EndGlobalSection
	GlobalSection(ExtensibilityGlobals) = postSolution
		SolutionGuid = {D2DAD378-E2A9-4833-89A7-326F9FAF3E5A}
	EndGlobalSection
EndGlobal
