
Microsoft Visual Studio Solution File, Format Version 12.00
# Visual Studio Version 17
VisualStudioVersion = 17.0.31903.59
MinimumVisualStudioVersion = 10.0.40219.1
Project("{FAE04EC0-301F-11D3-BF4B-00C04F79EFBC}") = "Project10_errorHandling", "Project10_errorHandling\Project10_errorHandling.csproj", "{5B79BA91-BD08-4CD1-8FFA-E318F81BF67E}"
EndProject
Project("{FAE04EC0-301F-11D3-BF4B-00C04F79EFBC}") = "Project11_Loops_1", "Project11_Loops_1\Project11_Loops_1.csproj", "{1F446E04-41B0-4F85-81E2-C5A97F5F4455}"
EndProject
Global
	GlobalSection(SolutionConfigurationPlatforms) = preSolution
		Debug|Any CPU = Debug|Any CPU
		Release|Any CPU = Release|Any CPU
	EndGlobalSection
	GlobalSection(SolutionProperties) = preSolution
		HideSolutionNode = FALSE
	EndGlobalSection
	GlobalSection(ProjectConfigurationPlatforms) = postSolution
		{5B79BA91-BD08-4CD1-8FFA-E318F81BF67E}.Debug|Any CPU.ActiveCfg = Debug|Any CPU
		{5B79BA91-BD08-4CD1-8FFA-E318F81BF67E}.Debug|Any CPU.Build.0 = Debug|Any CPU
		{5B79BA91-BD08-4CD1-8FFA-E318F81BF67E}.Release|Any CPU.ActiveCfg = Release|Any CPU
		{5B79BA91-BD08-4CD1-8FFA-E318F81BF67E}.Release|Any CPU.Build.0 = Release|Any CPU
		{1F446E04-41B0-4F85-81E2-C5A97F5F4455}.Debug|Any CPU.ActiveCfg = Debug|Any CPU
		{1F446E04-41B0-4F85-81E2-C5A97F5F4455}.Debug|Any CPU.Build.0 = Debug|Any CPU
		{1F446E04-41B0-4F85-81E2-C5A97F5F4455}.Release|Any CPU.ActiveCfg = Release|Any CPU
		{1F446E04-41B0-4F85-81E2-C5A97F5F4455}.Release|Any CPU.Build.0 = Release|Any CPU
	EndGlobalSection
EndGlobal
