
Microsoft Visual Studio Solution File, Format Version 12.00
# Visual Studio Version 17
VisualStudioVersion = 17.0.31903.59
MinimumVisualStudioVersion = 10.0.40219.1
Project("{FAE04EC0-301F-11D3-BF4B-00C04F79EFBC}") = "EShop.API", "EShop.API\EShop.API.csproj", "{D523173D-3AD7-4F8C-A99A-16D18E6F757B}"
EndProject
Project("{FAE04EC0-301F-11D3-BF4B-00C04F79EFBC}") = "EShop.Service", "EShop.Service\EShop.Service.csproj", "{3A861A94-75F8-49CE-9E86-D853679D2A04}"
EndProject
Project("{FAE04EC0-301F-11D3-BF4B-00C04F79EFBC}") = "EShop.Data", "EShop.Data\EShop.Data.csproj", "{58A4B618-8E20-4FD1-93C8-A7B681E1D914}"
EndProject
Project("{FAE04EC0-301F-11D3-BF4B-00C04F79EFBC}") = "EShop.Entity", "EShop.Entity\EShop.Entity.csproj", "{B7B7CD0D-BD70-410F-9F17-8578D773C09D}"
EndProject
Project("{FAE04EC0-301F-11D3-BF4B-00C04F79EFBC}") = "EShop.Shared", "EShop.Shared\EShop.Shared.csproj", "{7FFC13C1-D59F-40DE-81E1-0516D4225A89}"
EndProject
Global
	GlobalSection(SolutionConfigurationPlatforms) = preSolution
		Debug|Any CPU = Debug|Any CPU
		Release|Any CPU = Release|Any CPU
	EndGlobalSection
	GlobalSection(ProjectConfigurationPlatforms) = postSolution
		{D523173D-3AD7-4F8C-A99A-16D18E6F757B}.Debug|Any CPU.ActiveCfg = Debug|Any CPU
		{D523173D-3AD7-4F8C-A99A-16D18E6F757B}.Debug|Any CPU.Build.0 = Debug|Any CPU
		{D523173D-3AD7-4F8C-A99A-16D18E6F757B}.Release|Any CPU.ActiveCfg = Release|Any CPU
		{D523173D-3AD7-4F8C-A99A-16D18E6F757B}.Release|Any CPU.Build.0 = Release|Any CPU
		{3A861A94-75F8-49CE-9E86-D853679D2A04}.Debug|Any CPU.ActiveCfg = Debug|Any CPU
		{3A861A94-75F8-49CE-9E86-D853679D2A04}.Debug|Any CPU.Build.0 = Debug|Any CPU
		{3A861A94-75F8-49CE-9E86-D853679D2A04}.Release|Any CPU.ActiveCfg = Release|Any CPU
		{3A861A94-75F8-49CE-9E86-D853679D2A04}.Release|Any CPU.Build.0 = Release|Any CPU
		{58A4B618-8E20-4FD1-93C8-A7B681E1D914}.Debug|Any CPU.ActiveCfg = Debug|Any CPU
		{58A4B618-8E20-4FD1-93C8-A7B681E1D914}.Debug|Any CPU.Build.0 = Debug|Any CPU
		{58A4B618-8E20-4FD1-93C8-A7B681E1D914}.Release|Any CPU.ActiveCfg = Release|Any CPU
		{58A4B618-8E20-4FD1-93C8-A7B681E1D914}.Release|Any CPU.Build.0 = Release|Any CPU
		{B7B7CD0D-BD70-410F-9F17-8578D773C09D}.Debug|Any CPU.ActiveCfg = Debug|Any CPU
		{B7B7CD0D-BD70-410F-9F17-8578D773C09D}.Debug|Any CPU.Build.0 = Debug|Any CPU
		{B7B7CD0D-BD70-410F-9F17-8578D773C09D}.Release|Any CPU.ActiveCfg = Release|Any CPU
		{B7B7CD0D-BD70-410F-9F17-8578D773C09D}.Release|Any CPU.Build.0 = Release|Any CPU
		{7FFC13C1-D59F-40DE-81E1-0516D4225A89}.Debug|Any CPU.ActiveCfg = Debug|Any CPU
		{7FFC13C1-D59F-40DE-81E1-0516D4225A89}.Debug|Any CPU.Build.0 = Debug|Any CPU
		{7FFC13C1-D59F-40DE-81E1-0516D4225A89}.Release|Any CPU.ActiveCfg = Release|Any CPU
		{7FFC13C1-D59F-40DE-81E1-0516D4225A89}.Release|Any CPU.Build.0 = Release|Any CPU
	EndGlobalSection
	GlobalSection(SolutionProperties) = preSolution
		HideSolutionNode = FALSE
	EndGlobalSection
EndGlobal
