
Microsoft Visual Studio Solution File, Format Version 12.00
# Visual Studio Version 17
VisualStudioVersion = 17.0.31903.59
MinimumVisualStudioVersion = 10.0.40219.1
Project("{FAE04EC0-301F-11D3-BF4B-00C04F79EFBC}") = "Project20_OOP_Intro", "Project20_OOP_Intro\Project20_OOP_Intro.csproj", "{28EC8178-BE1F-4F2E-93EC-5B5522823046}"
EndProject
Project("{FAE04EC0-301F-11D3-BF4B-00C04F79EFBC}") = "Project21_Class_Property_Field", "Project21_Class_Property_Field\Project21_Class_Property_Field.csproj", "{80035597-3EE4-4CD7-8A40-5BB52E461A10}"
EndProject
Project("{FAE04EC0-301F-11D3-BF4B-00C04F79EFBC}") = "Project22_Inheritance", "Project22_Inheritance\Project22_Inheritance.csproj", "{E00DDF6A-DCD1-4EA7-8FFA-922715B87D4A}"
EndProject
Project("{FAE04EC0-301F-11D3-BF4B-00C04F79EFBC}") = "Project23_InheritanceSamples", "Project23_InheritanceSamples\Project23_InheritanceSamples.csproj", "{56E01CFE-D52E-4CDD-9728-069B79BFD2DA}"
EndProject
Global
	GlobalSection(SolutionConfigurationPlatforms) = preSolution
		Debug|Any CPU = Debug|Any CPU
		Release|Any CPU = Release|Any CPU
	EndGlobalSection
	GlobalSection(SolutionProperties) = preSolution
		HideSolutionNode = FALSE
	EndGlobalSection
	GlobalSection(ProjectConfigurationPlatforms) = postSolution
		{28EC8178-BE1F-4F2E-93EC-5B5522823046}.Debug|Any CPU.ActiveCfg = Debug|Any CPU
		{28EC8178-BE1F-4F2E-93EC-5B5522823046}.Debug|Any CPU.Build.0 = Debug|Any CPU
		{28EC8178-BE1F-4F2E-93EC-5B5522823046}.Release|Any CPU.ActiveCfg = Release|Any CPU
		{28EC8178-BE1F-4F2E-93EC-5B5522823046}.Release|Any CPU.Build.0 = Release|Any CPU
		{80035597-3EE4-4CD7-8A40-5BB52E461A10}.Debug|Any CPU.ActiveCfg = Debug|Any CPU
		{80035597-3EE4-4CD7-8A40-5BB52E461A10}.Debug|Any CPU.Build.0 = Debug|Any CPU
		{80035597-3EE4-4CD7-8A40-5BB52E461A10}.Release|Any CPU.ActiveCfg = Release|Any CPU
		{80035597-3EE4-4CD7-8A40-5BB52E461A10}.Release|Any CPU.Build.0 = Release|Any CPU
		{E00DDF6A-DCD1-4EA7-8FFA-922715B87D4A}.Debug|Any CPU.ActiveCfg = Debug|Any CPU
		{E00DDF6A-DCD1-4EA7-8FFA-922715B87D4A}.Debug|Any CPU.Build.0 = Debug|Any CPU
		{E00DDF6A-DCD1-4EA7-8FFA-922715B87D4A}.Release|Any CPU.ActiveCfg = Release|Any CPU
		{E00DDF6A-DCD1-4EA7-8FFA-922715B87D4A}.Release|Any CPU.Build.0 = Release|Any CPU
		{56E01CFE-D52E-4CDD-9728-069B79BFD2DA}.Debug|Any CPU.ActiveCfg = Debug|Any CPU
		{56E01CFE-D52E-4CDD-9728-069B79BFD2DA}.Debug|Any CPU.Build.0 = Debug|Any CPU
		{56E01CFE-D52E-4CDD-9728-069B79BFD2DA}.Release|Any CPU.ActiveCfg = Release|Any CPU
		{56E01CFE-D52E-4CDD-9728-069B79BFD2DA}.Release|Any CPU.Build.0 = Release|Any CPU
	EndGlobalSection
EndGlobal
