
Microsoft Visual Studio Solution File, Format Version 12.00
# Visual Studio Version 17
VisualStudioVersion = 17.0.31903.59
MinimumVisualStudioVersion = 10.0.40219.1
Project("{FAE04EC0-301F-11D3-BF4B-00C04F79EFBC}") = "Project16_Methods", "Project16_Methods\Project16_Methods.csproj", "{EEA9A2E9-49E3-46C5-AECD-B4DB9585905C}"
EndProject
Project("{FAE04EC0-301F-11D3-BF4B-00C04F79EFBC}") = "Project17_MethodOverloading", "Project17_MethodOverloading\Project17_MethodOverloading.csproj", "{110EF917-3EEE-4A9B-9915-133002BDC879}"
EndProject
Project("{FAE04EC0-301F-11D3-BF4B-00C04F79EFBC}") = "Project18_MethodSamples", "Project18_MethodSamples\Project18_MethodSamples.csproj", "{F222E0FE-659A-4D06-B632-0DD325126A1E}"
EndProject
Project("{FAE04EC0-301F-11D3-BF4B-00C04F79EFBC}") = "Project15CreateAndAssingTeams", "Project19CreateAndAssingTeams\Project15CreateAndAssingTeams.csproj", "{3D31DF24-88DA-4135-98C0-21287C9974F9}"
EndProject
Global
	GlobalSection(SolutionConfigurationPlatforms) = preSolution
		Debug|Any CPU = Debug|Any CPU
		Release|Any CPU = Release|Any CPU
	EndGlobalSection
	GlobalSection(ProjectConfigurationPlatforms) = postSolution
		{EEA9A2E9-49E3-46C5-AECD-B4DB9585905C}.Debug|Any CPU.ActiveCfg = Debug|Any CPU
		{EEA9A2E9-49E3-46C5-AECD-B4DB9585905C}.Debug|Any CPU.Build.0 = Debug|Any CPU
		{EEA9A2E9-49E3-46C5-AECD-B4DB9585905C}.Release|Any CPU.ActiveCfg = Release|Any CPU
		{EEA9A2E9-49E3-46C5-AECD-B4DB9585905C}.Release|Any CPU.Build.0 = Release|Any CPU
		{110EF917-3EEE-4A9B-9915-133002BDC879}.Debug|Any CPU.ActiveCfg = Debug|Any CPU
		{110EF917-3EEE-4A9B-9915-133002BDC879}.Debug|Any CPU.Build.0 = Debug|Any CPU
		{110EF917-3EEE-4A9B-9915-133002BDC879}.Release|Any CPU.ActiveCfg = Release|Any CPU
		{110EF917-3EEE-4A9B-9915-133002BDC879}.Release|Any CPU.Build.0 = Release|Any CPU
		{F222E0FE-659A-4D06-B632-0DD325126A1E}.Debug|Any CPU.ActiveCfg = Debug|Any CPU
		{F222E0FE-659A-4D06-B632-0DD325126A1E}.Debug|Any CPU.Build.0 = Debug|Any CPU
		{F222E0FE-659A-4D06-B632-0DD325126A1E}.Release|Any CPU.ActiveCfg = Release|Any CPU
		{F222E0FE-659A-4D06-B632-0DD325126A1E}.Release|Any CPU.Build.0 = Release|Any CPU
		{3D31DF24-88DA-4135-98C0-21287C9974F9}.Debug|Any CPU.ActiveCfg = Debug|Any CPU
		{3D31DF24-88DA-4135-98C0-21287C9974F9}.Debug|Any CPU.Build.0 = Debug|Any CPU
		{3D31DF24-88DA-4135-98C0-21287C9974F9}.Release|Any CPU.ActiveCfg = Release|Any CPU
		{3D31DF24-88DA-4135-98C0-21287C9974F9}.Release|Any CPU.Build.0 = Release|Any CPU
	EndGlobalSection
	GlobalSection(SolutionProperties) = preSolution
		HideSolutionNode = FALSE
	EndGlobalSection
EndGlobal
